
Microsoft Visual Studio Solution File, Format Version 12.00
Project("{FAE04EC0-301F-11D3-BF4B-00C04F79EFBC}") = "KeepCorrect.Translator", "KeepCorrect.Translator\KeepCorrect.Translator.csproj", "{BB6F9B19-6371-4C0F-B9DB-C86098BC22EE}"
EndProject
Global
	GlobalSection(SolutionConfigurationPlatforms) = preSolution
		Debug|Any CPU = Debug|Any CPU
		Release|Any CPU = Release|Any CPU
	EndGlobalSection
	GlobalSection(ProjectConfigurationPlatforms) = postSolution
		{BB6F9B19-6371-4C0F-B9DB-C86098BC22EE}.Debug|Any CPU.ActiveCfg = Debug|Any CPU
		{BB6F9B19-6371-4C0F-B9DB-C86098BC22EE}.Debug|Any CPU.Build.0 = Debug|Any CPU
		{BB6F9B19-6371-4C0F-B9DB-C86098BC22EE}.Release|Any CPU.ActiveCfg = Release|Any CPU
		{BB6F9B19-6371-4C0F-B9DB-C86098BC22EE}.Release|Any CPU.Build.0 = Release|Any CPU
	EndGlobalSection
EndGlobal
